
Microsoft Visual Studio Solution File, Format Version 12.00
# Visual Studio Version 17
VisualStudioVersion = 17.2.32616.157
MinimumVisualStudioVersion = 10.0.40219.1
Project("{FAE04EC0-301F-11D3-BF4B-00C04F79EFBC}") = "MathLibrary", "MathLibrary\MathLibrary.csproj", "{8A673EDA-FD2F-4844-BA4F-D9080EF61779}"
EndProject
Project("{FAE04EC0-301F-11D3-BF4B-00C04F79EFBC}") = "TestProject1", "TestProject1\TestProject1.csproj", "{8512F5CE-A8E4-4C14-A60B-C58107C17FC2}"
EndProject
Global
	GlobalSection(SolutionConfigurationPlatforms) = preSolution
		Debug|Any CPU = Debug|Any CPU
		Release|Any CPU = Release|Any CPU
	EndGlobalSection
	GlobalSection(ProjectConfigurationPlatforms) = postSolution
		{8A673EDA-FD2F-4844-BA4F-D9080EF61779}.Debug|Any CPU.ActiveCfg = Debug|Any CPU
		{8A673EDA-FD2F-4844-BA4F-D9080EF61779}.Debug|Any CPU.Build.0 = Debug|Any CPU
		{8A673EDA-FD2F-4844-BA4F-D9080EF61779}.Release|Any CPU.ActiveCfg = Release|Any CPU
		{8A673EDA-FD2F-4844-BA4F-D9080EF61779}.Release|Any CPU.Build.0 = Release|Any CPU
		{8512F5CE-A8E4-4C14-A60B-C58107C17FC2}.Debug|Any CPU.ActiveCfg = Debug|Any CPU
		{8512F5CE-A8E4-4C14-A60B-C58107C17FC2}.Debug|Any CPU.Build.0 = Debug|Any CPU
		{8512F5CE-A8E4-4C14-A60B-C58107C17FC2}.Release|Any CPU.ActiveCfg = Release|Any CPU
		{8512F5CE-A8E4-4C14-A60B-C58107C17FC2}.Release|Any CPU.Build.0 = Release|Any CPU
	EndGlobalSection
	GlobalSection(SolutionProperties) = preSolution
		HideSolutionNode = FALSE
	EndGlobalSection
	GlobalSection(ExtensibilityGlobals) = postSolution
		SolutionGuid = {B1181597-B194-4F82-8385-F78358E48DAB}
	EndGlobalSection
EndGlobal
